// !$*UTF8*$!
{
	archiveVersion = 1;
	classes = {
	};
	objectVersion = 46;
	objects = {

/* Begin PBXBuildFile section */
		4652B2C31E5E707E00ADEA6A /* CALayer+EKExtension.m in Sources */ = {isa = PBXBuildFile; fileRef = 4652B2C21E5E707E00ADEA6A /* CALayer+EKExtension.m */; };
		468028D11D782A0400CD2942 /* NSObject+EKExtension.m in Sources */ = {isa = PBXBuildFile; fileRef = 468028D01D782A0400CD2942 /* NSObject+EKExtension.m */; };
		468028D41D78367C00CD2942 /* UIColor+EKExtension.m in Sources */ = {isa = PBXBuildFile; fileRef = 468028D31D78367C00CD2942 /* UIColor+EKExtension.m */; };
		468028D91D78776F00CD2942 /* NSString+EKExtension.m in Sources */ = {isa = PBXBuildFile; fileRef = 468028D81D78776F00CD2942 /* NSString+EKExtension.m */; };
		468028DC1D787BCE00CD2942 /* NSArray+EKExtension.m in Sources */ = {isa = PBXBuildFile; fileRef = 468028DB1D787BCE00CD2942 /* NSArray+EKExtension.m */; };
		468028E01D79253E00CD2942 /* NSDictionary+EKExtension.m in Sources */ = {isa = PBXBuildFile; fileRef = 468028DF1D79253E00CD2942 /* NSDictionary+EKExtension.m */; };
		468028E31D79284A00CD2942 /* NSData+EKExtension.m in Sources */ = {isa = PBXBuildFile; fileRef = 468028E21D79284A00CD2942 /* NSData+EKExtension.m */; };
		468028E61D79295E00CD2942 /* NSObject+EKKVOBlock.m in Sources */ = {isa = PBXBuildFile; fileRef = 468028E51D79295E00CD2942 /* NSObject+EKKVOBlock.m */; };
		468028E91D792B9200CD2942 /* UIButton+EKExtension.m in Sources */ = {isa = PBXBuildFile; fileRef = 468028E81D792B9200CD2942 /* UIButton+EKExtension.m */; };
		468028EC1D792BD600CD2942 /* NSBundle+EKExtension.m in Sources */ = {isa = PBXBuildFile; fileRef = 468028EB1D792BD600CD2942 /* NSBundle+EKExtension.m */; };
		468028F11D7963F800CD2942 /* UIFont+EKExtension.m in Sources */ = {isa = PBXBuildFile; fileRef = 468028F01D7963F800CD2942 /* UIFont+EKExtension.m */; };
		468028F41D796ACB00CD2942 /* UIImageView+EKExtension.m in Sources */ = {isa = PBXBuildFile; fileRef = 468028F31D796ACB00CD2942 /* UIImageView+EKExtension.m */; };
		468028F71D796E2700CD2942 /* UILabel+EKExtension.m in Sources */ = {isa = PBXBuildFile; fileRef = 468028F61D796E2700CD2942 /* UILabel+EKExtension.m */; };
		468028FA1D79703A00CD2942 /* UINavigationBar+EKExtension.m in Sources */ = {isa = PBXBuildFile; fileRef = 468028F91D79703A00CD2942 /* UINavigationBar+EKExtension.m */; };
		468028FD1D7971F400CD2942 /* UIScrollView+EKExtension.m in Sources */ = {isa = PBXBuildFile; fileRef = 468028FC1D7971F400CD2942 /* UIScrollView+EKExtension.m */; };
		468029001D79782700CD2942 /* EKExtensionObjcInternal.m in Sources */ = {isa = PBXBuildFile; fileRef = 468028FF1D79782700CD2942 /* EKExtensionObjcInternal.m */; };
		468029031D797A4800CD2942 /* UITabBar+EKExtension.m in Sources */ = {isa = PBXBuildFile; fileRef = 468029021D797A4800CD2942 /* UITabBar+EKExtension.m */; };
		468029061D797B0100CD2942 /* UIBarButtonItem+EKExtension.m in Sources */ = {isa = PBXBuildFile; fileRef = 468029051D797B0100CD2942 /* UIBarButtonItem+EKExtension.m */; };
		468029091D79829400CD2942 /* UITextField+EKExtension.m in Sources */ = {isa = PBXBuildFile; fileRef = 468029081D79829400CD2942 /* UITextField+EKExtension.m */; };
		4680290C1D79898200CD2942 /* UITextView+EKExtension.m in Sources */ = {isa = PBXBuildFile; fileRef = 4680290B1D79898200CD2942 /* UITextView+EKExtension.m */; };
		4680290F1D799BD000CD2942 /* NextViewController.m in Sources */ = {isa = PBXBuildFile; fileRef = 4680290E1D799BD000CD2942 /* NextViewController.m */; };
		468029131D79C01800CD2942 /* EKTextObserver.m in Sources */ = {isa = PBXBuildFile; fileRef = 468029121D79C01800CD2942 /* EKTextObserver.m */; };
		4680291B1D7B1FA700CD2942 /* UIViewController+EKExtension.m in Sources */ = {isa = PBXBuildFile; fileRef = 4680291A1D7B1FA700CD2942 /* UIViewController+EKExtension.m */; };
		469ACEE61D857C6000063181 /* EKPresentAnimatedTransitioningController.m in Sources */ = {isa = PBXBuildFile; fileRef = 469ACEE51D857C6000063181 /* EKPresentAnimatedTransitioningController.m */; };
		46DA0F901D77BFD9007248E5 /* main.m in Sources */ = {isa = PBXBuildFile; fileRef = 46DA0F8F1D77BFD9007248E5 /* main.m */; };
		46DA0F931D77BFD9007248E5 /* AppDelegate.m in Sources */ = {isa = PBXBuildFile; fileRef = 46DA0F921D77BFD9007248E5 /* AppDelegate.m */; };
		46DA0F961D77BFD9007248E5 /* ViewController.m in Sources */ = {isa = PBXBuildFile; fileRef = 46DA0F951D77BFD9007248E5 /* ViewController.m */; };
		46DA0F9B1D77BFD9007248E5 /* Assets.xcassets in Resources */ = {isa = PBXBuildFile; fileRef = 46DA0F9A1D77BFD9007248E5 /* Assets.xcassets */; };
		46DA0FA81D77C024007248E5 /* UIView+EKExtension.m in Sources */ = {isa = PBXBuildFile; fileRef = 46DA0FA71D77C024007248E5 /* UIView+EKExtension.m */; };
		46DA0FB41D77EA47007248E5 /* UIImage+EKExtension.m in Sources */ = {isa = PBXBuildFile; fileRef = 46DA0FB31D77EA47007248E5 /* UIImage+EKExtension.m */; };
		46DA0FBA1D77EBB0007248E5 /* EKCoreLibsExtension.m in Sources */ = {isa = PBXBuildFile; fileRef = 46DA0FB91D77EBB0007248E5 /* EKCoreLibsExtension.m */; };
		46DA0FBD1D781F6C007248E5 /* UIResponder+EKExtension.m in Sources */ = {isa = PBXBuildFile; fileRef = 46DA0FBC1D781F6C007248E5 /* UIResponder+EKExtension.m */; };
/* End PBXBuildFile section */

/* Begin PBXFileReference section */
		4652B2C11E5E707E00ADEA6A /* CALayer+EKExtension.h */ = {isa = PBXFileReference; fileEncoding = 4; lastKnownFileType = sourcecode.c.h; path = "CALayer+EKExtension.h"; sourceTree = "<group>"; };
		4652B2C21E5E707E00ADEA6A /* CALayer+EKExtension.m */ = {isa = PBXFileReference; fileEncoding = 4; lastKnownFileType = sourcecode.c.objc; path = "CALayer+EKExtension.m"; sourceTree = "<group>"; };
		468028CF1D782A0400CD2942 /* NSObject+EKExtension.h */ = {isa = PBXFileReference; fileEncoding = 4; lastKnownFileType = sourcecode.c.h; path = "NSObject+EKExtension.h"; sourceTree = "<group>"; };
		468028D01D782A0400CD2942 /* NSObject+EKExtension.m */ = {isa = PBXFileReference; fileEncoding = 4; lastKnownFileType = sourcecode.c.objc; path = "NSObject+EKExtension.m"; sourceTree = "<group>"; };
		468028D21D78367C00CD2942 /* UIColor+EKExtension.h */ = {isa = PBXFileReference; fileEncoding = 4; lastKnownFileType = sourcecode.c.h; path = "UIColor+EKExtension.h"; sourceTree = "<group>"; };
		468028D31D78367C00CD2942 /* UIColor+EKExtension.m */ = {isa = PBXFileReference; fileEncoding = 4; lastKnownFileType = sourcecode.c.objc; path = "UIColor+EKExtension.m"; sourceTree = "<group>"; };
		468028D71D78776F00CD2942 /* NSString+EKExtension.h */ = {isa = PBXFileReference; fileEncoding = 4; lastKnownFileType = sourcecode.c.h; path = "NSString+EKExtension.h"; sourceTree = "<group>"; };
		468028D81D78776F00CD2942 /* NSString+EKExtension.m */ = {isa = PBXFileReference; fileEncoding = 4; lastKnownFileType = sourcecode.c.objc; path = "NSString+EKExtension.m"; sourceTree = "<group>"; };
		468028DA1D787BCE00CD2942 /* NSArray+EKExtension.h */ = {isa = PBXFileReference; fileEncoding = 4; lastKnownFileType = sourcecode.c.h; path = "NSArray+EKExtension.h"; sourceTree = "<group>"; };
		468028DB1D787BCE00CD2942 /* NSArray+EKExtension.m */ = {isa = PBXFileReference; fileEncoding = 4; lastKnownFileType = sourcecode.c.objc; path = "NSArray+EKExtension.m"; sourceTree = "<group>"; };
		468028DE1D79253E00CD2942 /* NSDictionary+EKExtension.h */ = {isa = PBXFileReference; fileEncoding = 4; lastKnownFileType = sourcecode.c.h; path = "NSDictionary+EKExtension.h"; sourceTree = "<group>"; };
		468028DF1D79253E00CD2942 /* NSDictionary+EKExtension.m */ = {isa = PBXFileReference; fileEncoding = 4; lastKnownFileType = sourcecode.c.objc; path = "NSDictionary+EKExtension.m"; sourceTree = "<group>"; };
		468028E11D79284A00CD2942 /* NSData+EKExtension.h */ = {isa = PBXFileReference; fileEncoding = 4; lastKnownFileType = sourcecode.c.h; path = "NSData+EKExtension.h"; sourceTree = "<group>"; };
		468028E21D79284A00CD2942 /* NSData+EKExtension.m */ = {isa = PBXFileReference; fileEncoding = 4; lastKnownFileType = sourcecode.c.objc; path = "NSData+EKExtension.m"; sourceTree = "<group>"; };
		468028E41D79295E00CD2942 /* NSObject+EKKVOBlock.h */ = {isa = PBXFileReference; fileEncoding = 4; lastKnownFileType = sourcecode.c.h; path = "NSObject+EKKVOBlock.h"; sourceTree = "<group>"; };
		468028E51D79295E00CD2942 /* NSObject+EKKVOBlock.m */ = {isa = PBXFileReference; fileEncoding = 4; lastKnownFileType = sourcecode.c.objc; path = "NSObject+EKKVOBlock.m"; sourceTree = "<group>"; };
		468028E71D792B9200CD2942 /* UIButton+EKExtension.h */ = {isa = PBXFileReference; fileEncoding = 4; lastKnownFileType = sourcecode.c.h; path = "UIButton+EKExtension.h"; sourceTree = "<group>"; };
		468028E81D792B9200CD2942 /* UIButton+EKExtension.m */ = {isa = PBXFileReference; fileEncoding = 4; lastKnownFileType = sourcecode.c.objc; path = "UIButton+EKExtension.m"; sourceTree = "<group>"; };
		468028EA1D792BD600CD2942 /* NSBundle+EKExtension.h */ = {isa = PBXFileReference; fileEncoding = 4; lastKnownFileType = sourcecode.c.h; path = "NSBundle+EKExtension.h"; sourceTree = "<group>"; };
		468028EB1D792BD600CD2942 /* NSBundle+EKExtension.m */ = {isa = PBXFileReference; fileEncoding = 4; lastKnownFileType = sourcecode.c.objc; path = "NSBundle+EKExtension.m"; sourceTree = "<group>"; };
		468028EF1D7963F800CD2942 /* UIFont+EKExtension.h */ = {isa = PBXFileReference; fileEncoding = 4; lastKnownFileType = sourcecode.c.h; path = "UIFont+EKExtension.h"; sourceTree = "<group>"; };
		468028F01D7963F800CD2942 /* UIFont+EKExtension.m */ = {isa = PBXFileReference; fileEncoding = 4; lastKnownFileType = sourcecode.c.objc; path = "UIFont+EKExtension.m"; sourceTree = "<group>"; };
		468028F21D796ACB00CD2942 /* UIImageView+EKExtension.h */ = {isa = PBXFileReference; fileEncoding = 4; lastKnownFileType = sourcecode.c.h; path = "UIImageView+EKExtension.h"; sourceTree = "<group>"; };
		468028F31D796ACB00CD2942 /* UIImageView+EKExtension.m */ = {isa = PBXFileReference; fileEncoding = 4; lastKnownFileType = sourcecode.c.objc; path = "UIImageView+EKExtension.m"; sourceTree = "<group>"; };
		468028F51D796E2700CD2942 /* UILabel+EKExtension.h */ = {isa = PBXFileReference; fileEncoding = 4; lastKnownFileType = sourcecode.c.h; path = "UILabel+EKExtension.h"; sourceTree = "<group>"; };
		468028F61D796E2700CD2942 /* UILabel+EKExtension.m */ = {isa = PBXFileReference; fileEncoding = 4; lastKnownFileType = sourcecode.c.objc; path = "UILabel+EKExtension.m"; sourceTree = "<group>"; };
		468028F81D79703A00CD2942 /* UINavigationBar+EKExtension.h */ = {isa = PBXFileReference; fileEncoding = 4; lastKnownFileType = sourcecode.c.h; path = "UINavigationBar+EKExtension.h"; sourceTree = "<group>"; };
		468028F91D79703A00CD2942 /* UINavigationBar+EKExtension.m */ = {isa = PBXFileReference; fileEncoding = 4; lastKnownFileType = sourcecode.c.objc; path = "UINavigationBar+EKExtension.m"; sourceTree = "<group>"; };
		468028FB1D7971F400CD2942 /* UIScrollView+EKExtension.h */ = {isa = PBXFileReference; fileEncoding = 4; lastKnownFileType = sourcecode.c.h; path = "UIScrollView+EKExtension.h"; sourceTree = "<group>"; };
		468028FC1D7971F400CD2942 /* UIScrollView+EKExtension.m */ = {isa = PBXFileReference; fileEncoding = 4; lastKnownFileType = sourcecode.c.objc; path = "UIScrollView+EKExtension.m"; sourceTree = "<group>"; };
		468028FE1D79782700CD2942 /* EKExtensionObjcInternal.h */ = {isa = PBXFileReference; fileEncoding = 4; lastKnownFileType = sourcecode.c.h; path = EKExtensionObjcInternal.h; sourceTree = "<group>"; };
		468028FF1D79782700CD2942 /* EKExtensionObjcInternal.m */ = {isa = PBXFileReference; fileEncoding = 4; lastKnownFileType = sourcecode.c.objc; path = EKExtensionObjcInternal.m; sourceTree = "<group>"; };
		468029011D797A4800CD2942 /* UITabBar+EKExtension.h */ = {isa = PBXFileReference; fileEncoding = 4; lastKnownFileType = sourcecode.c.h; path = "UITabBar+EKExtension.h"; sourceTree = "<group>"; };
		468029021D797A4800CD2942 /* UITabBar+EKExtension.m */ = {isa = PBXFileReference; fileEncoding = 4; lastKnownFileType = sourcecode.c.objc; path = "UITabBar+EKExtension.m"; sourceTree = "<group>"; };
		468029041D797B0100CD2942 /* UIBarButtonItem+EKExtension.h */ = {isa = PBXFileReference; fileEncoding = 4; lastKnownFileType = sourcecode.c.h; path = "UIBarButtonItem+EKExtension.h"; sourceTree = "<group>"; };
		468029051D797B0100CD2942 /* UIBarButtonItem+EKExtension.m */ = {isa = PBXFileReference; fileEncoding = 4; lastKnownFileType = sourcecode.c.objc; path = "UIBarButtonItem+EKExtension.m"; sourceTree = "<group>"; };
		468029071D79829400CD2942 /* UITextField+EKExtension.h */ = {isa = PBXFileReference; fileEncoding = 4; lastKnownFileType = sourcecode.c.h; path = "UITextField+EKExtension.h"; sourceTree = "<group>"; };
		468029081D79829400CD2942 /* UITextField+EKExtension.m */ = {isa = PBXFileReference; fileEncoding = 4; lastKnownFileType = sourcecode.c.objc; path = "UITextField+EKExtension.m"; sourceTree = "<group>"; };
		4680290A1D79898200CD2942 /* UITextView+EKExtension.h */ = {isa = PBXFileReference; fileEncoding = 4; lastKnownFileType = sourcecode.c.h; path = "UITextView+EKExtension.h"; sourceTree = "<group>"; };
		4680290B1D79898200CD2942 /* UITextView+EKExtension.m */ = {isa = PBXFileReference; fileEncoding = 4; lastKnownFileType = sourcecode.c.objc; path = "UITextView+EKExtension.m"; sourceTree = "<group>"; };
		4680290D1D799BD000CD2942 /* NextViewController.h */ = {isa = PBXFileReference; fileEncoding = 4; lastKnownFileType = sourcecode.c.h; path = NextViewController.h; sourceTree = "<group>"; };
		4680290E1D799BD000CD2942 /* NextViewController.m */ = {isa = PBXFileReference; fileEncoding = 4; lastKnownFileType = sourcecode.c.objc; path = NextViewController.m; sourceTree = "<group>"; };
		468029111D79C01800CD2942 /* EKTextObserver.h */ = {isa = PBXFileReference; fileEncoding = 4; lastKnownFileType = sourcecode.c.h; path = EKTextObserver.h; sourceTree = "<group>"; };
		468029121D79C01800CD2942 /* EKTextObserver.m */ = {isa = PBXFileReference; fileEncoding = 4; lastKnownFileType = sourcecode.c.objc; path = EKTextObserver.m; sourceTree = "<group>"; };
		468029191D7B1FA700CD2942 /* UIViewController+EKExtension.h */ = {isa = PBXFileReference; fileEncoding = 4; lastKnownFileType = sourcecode.c.h; path = "UIViewController+EKExtension.h"; sourceTree = "<group>"; };
		4680291A1D7B1FA700CD2942 /* UIViewController+EKExtension.m */ = {isa = PBXFileReference; fileEncoding = 4; lastKnownFileType = sourcecode.c.objc; path = "UIViewController+EKExtension.m"; sourceTree = "<group>"; };
		469ACEE41D857C6000063181 /* EKPresentAnimatedTransitioningController.h */ = {isa = PBXFileReference; fileEncoding = 4; lastKnownFileType = sourcecode.c.h; path = EKPresentAnimatedTransitioningController.h; sourceTree = "<group>"; };
		469ACEE51D857C6000063181 /* EKPresentAnimatedTransitioningController.m */ = {isa = PBXFileReference; fileEncoding = 4; lastKnownFileType = sourcecode.c.objc; path = EKPresentAnimatedTransitioningController.m; sourceTree = "<group>"; };
		46DA0F8B1D77BFD9007248E5 /* ExtensionKitObjc.app */ = {isa = PBXFileReference; explicitFileType = wrapper.application; includeInIndex = 0; path = ExtensionKitObjc.app; sourceTree = BUILT_PRODUCTS_DIR; };
		46DA0F8F1D77BFD9007248E5 /* main.m */ = {isa = PBXFileReference; lastKnownFileType = sourcecode.c.objc; path = main.m; sourceTree = "<group>"; };
		46DA0F911D77BFD9007248E5 /* AppDelegate.h */ = {isa = PBXFileReference; lastKnownFileType = sourcecode.c.h; path = AppDelegate.h; sourceTree = "<group>"; };
		46DA0F921D77BFD9007248E5 /* AppDelegate.m */ = {isa = PBXFileReference; lastKnownFileType = sourcecode.c.objc; path = AppDelegate.m; sourceTree = "<group>"; };
		46DA0F941D77BFD9007248E5 /* ViewController.h */ = {isa = PBXFileReference; lastKnownFileType = sourcecode.c.h; path = ViewController.h; sourceTree = "<group>"; };
		46DA0F951D77BFD9007248E5 /* ViewController.m */ = {isa = PBXFileReference; lastKnownFileType = sourcecode.c.objc; lineEnding = 0; path = ViewController.m; sourceTree = "<group>"; xcLanguageSpecificationIdentifier = xcode.lang.objc; };
		46DA0F9A1D77BFD9007248E5 /* Assets.xcassets */ = {isa = PBXFileReference; lastKnownFileType = folder.assetcatalog; path = Assets.xcassets; sourceTree = "<group>"; };
		46DA0F9F1D77BFD9007248E5 /* Info.plist */ = {isa = PBXFileReference; lastKnownFileType = text.plist.xml; path = Info.plist; sourceTree = "<group>"; };
		46DA0FA61D77C024007248E5 /* UIView+EKExtension.h */ = {isa = PBXFileReference; fileEncoding = 4; lastKnownFileType = sourcecode.c.h; lineEnding = 0; path = "UIView+EKExtension.h"; sourceTree = "<group>"; xcLanguageSpecificationIdentifier = xcode.lang.objcpp; };
		46DA0FA71D77C024007248E5 /* UIView+EKExtension.m */ = {isa = PBXFileReference; fileEncoding = 4; lastKnownFileType = sourcecode.c.objc; lineEnding = 0; path = "UIView+EKExtension.m"; sourceTree = "<group>"; xcLanguageSpecificationIdentifier = xcode.lang.objc; };
		46DA0FB01D77CDD8007248E5 /* ExtensionKitObjc.h */ = {isa = PBXFileReference; lastKnownFileType = sourcecode.c.h; path = ExtensionKitObjc.h; sourceTree = "<group>"; };
		46DA0FB11D77D890007248E5 /* EKMacro.h */ = {isa = PBXFileReference; lastKnownFileType = sourcecode.c.h; path = EKMacro.h; sourceTree = "<group>"; };
		46DA0FB21D77EA47007248E5 /* UIImage+EKExtension.h */ = {isa = PBXFileReference; fileEncoding = 4; lastKnownFileType = sourcecode.c.h; lineEnding = 0; path = "UIImage+EKExtension.h"; sourceTree = "<group>"; xcLanguageSpecificationIdentifier = xcode.lang.objcpp; };
		46DA0FB31D77EA47007248E5 /* UIImage+EKExtension.m */ = {isa = PBXFileReference; fileEncoding = 4; lastKnownFileType = sourcecode.c.objc; lineEnding = 0; path = "UIImage+EKExtension.m"; sourceTree = "<group>"; xcLanguageSpecificationIdentifier = xcode.lang.objc; };
		46DA0FB81D77EBB0007248E5 /* EKCoreLibsExtension.h */ = {isa = PBXFileReference; fileEncoding = 4; lastKnownFileType = sourcecode.c.h; path = EKCoreLibsExtension.h; sourceTree = "<group>"; };
		46DA0FB91D77EBB0007248E5 /* EKCoreLibsExtension.m */ = {isa = PBXFileReference; fileEncoding = 4; lastKnownFileType = sourcecode.c.objc; path = EKCoreLibsExtension.m; sourceTree = "<group>"; };
		46DA0FBB1D781F6C007248E5 /* UIResponder+EKExtension.h */ = {isa = PBXFileReference; fileEncoding = 4; lastKnownFileType = sourcecode.c.h; path = "UIResponder+EKExtension.h"; sourceTree = "<group>"; };
		46DA0FBC1D781F6C007248E5 /* UIResponder+EKExtension.m */ = {isa = PBXFileReference; fileEncoding = 4; lastKnownFileType = sourcecode.c.objc; path = "UIResponder+EKExtension.m"; sourceTree = "<group>"; };
/* End PBXFileReference section */

/* Begin PBXFrameworksBuildPhase section */
		46DA0F881D77BFD9007248E5 /* Frameworks */ = {
			isa = PBXFrameworksBuildPhase;
			buildActionMask = 2147483647;
			files = (
			);
			runOnlyForDeploymentPostprocessing = 0;
		};
/* End PBXFrameworksBuildPhase section */

/* Begin PBXGroup section */
		46DA0F821D77BFD9007248E5 = {
			isa = PBXGroup;
			children = (
				46DA0FA51D77BFEE007248E5 /* Sources */,
				46DA0F8D1D77BFD9007248E5 /* ExtensionKitObjc */,
				46DA0F8C1D77BFD9007248E5 /* Products */,
			);
			sourceTree = "<group>";
		};
		46DA0F8C1D77BFD9007248E5 /* Products */ = {
			isa = PBXGroup;
			children = (
				46DA0F8B1D77BFD9007248E5 /* ExtensionKitObjc.app */,
			);
			name = Products;
			sourceTree = "<group>";
		};
		46DA0F8D1D77BFD9007248E5 /* ExtensionKitObjc */ = {
			isa = PBXGroup;
			children = (
				46DA0F911D77BFD9007248E5 /* AppDelegate.h */,
				46DA0F921D77BFD9007248E5 /* AppDelegate.m */,
				46DA0F941D77BFD9007248E5 /* ViewController.h */,
				46DA0F951D77BFD9007248E5 /* ViewController.m */,
				4680290D1D799BD000CD2942 /* NextViewController.h */,
				4680290E1D799BD000CD2942 /* NextViewController.m */,
				46DA0F9A1D77BFD9007248E5 /* Assets.xcassets */,
				46DA0F9F1D77BFD9007248E5 /* Info.plist */,
				46DA0F8E1D77BFD9007248E5 /* Supporting Files */,
			);
			path = ExtensionKitObjc;
			sourceTree = "<group>";
		};
		46DA0F8E1D77BFD9007248E5 /* Supporting Files */ = {
			isa = PBXGroup;
			children = (
				46DA0F8F1D77BFD9007248E5 /* main.m */,
			);
			name = "Supporting Files";
			sourceTree = "<group>";
		};
		46DA0FA51D77BFEE007248E5 /* Sources */ = {
			isa = PBXGroup;
			children = (
				46DA0FB01D77CDD8007248E5 /* ExtensionKitObjc.h */,
				46DA0FB11D77D890007248E5 /* EKMacro.h */,
				469ACEE41D857C6000063181 /* EKPresentAnimatedTransitioningController.h */,
				469ACEE51D857C6000063181 /* EKPresentAnimatedTransitioningController.m */,
				468028FE1D79782700CD2942 /* EKExtensionObjcInternal.h */,
				468028FF1D79782700CD2942 /* EKExtensionObjcInternal.m */,
				46DA0FB81D77EBB0007248E5 /* EKCoreLibsExtension.h */,
				46DA0FB91D77EBB0007248E5 /* EKCoreLibsExtension.m */,
				46DA0FA61D77C024007248E5 /* UIView+EKExtension.h */,
				46DA0FA71D77C024007248E5 /* UIView+EKExtension.m */,
				4652B2C11E5E707E00ADEA6A /* CALayer+EKExtension.h */,
				4652B2C21E5E707E00ADEA6A /* CALayer+EKExtension.m */,
				46DA0FB21D77EA47007248E5 /* UIImage+EKExtension.h */,
				46DA0FB31D77EA47007248E5 /* UIImage+EKExtension.m */,
				46DA0FBB1D781F6C007248E5 /* UIResponder+EKExtension.h */,
				46DA0FBC1D781F6C007248E5 /* UIResponder+EKExtension.m */,
				468028CF1D782A0400CD2942 /* NSObject+EKExtension.h */,
				468028D01D782A0400CD2942 /* NSObject+EKExtension.m */,
				468028E41D79295E00CD2942 /* NSObject+EKKVOBlock.h */,
				468028E51D79295E00CD2942 /* NSObject+EKKVOBlock.m */,
				468028D21D78367C00CD2942 /* UIColor+EKExtension.h */,
				468028D31D78367C00CD2942 /* UIColor+EKExtension.m */,
				468028D71D78776F00CD2942 /* NSString+EKExtension.h */,
				468028D81D78776F00CD2942 /* NSString+EKExtension.m */,
				468028DA1D787BCE00CD2942 /* NSArray+EKExtension.h */,
				468028DB1D787BCE00CD2942 /* NSArray+EKExtension.m */,
				468028DE1D79253E00CD2942 /* NSDictionary+EKExtension.h */,
				468028DF1D79253E00CD2942 /* NSDictionary+EKExtension.m */,
				468028E11D79284A00CD2942 /* NSData+EKExtension.h */,
				468028E21D79284A00CD2942 /* NSData+EKExtension.m */,
				468028E71D792B9200CD2942 /* UIButton+EKExtension.h */,
				468028E81D792B9200CD2942 /* UIButton+EKExtension.m */,
				468028EA1D792BD600CD2942 /* NSBundle+EKExtension.h */,
				468028EB1D792BD600CD2942 /* NSBundle+EKExtension.m */,
				468028EF1D7963F800CD2942 /* UIFont+EKExtension.h */,
				468028F01D7963F800CD2942 /* UIFont+EKExtension.m */,
				468028F21D796ACB00CD2942 /* UIImageView+EKExtension.h */,
				468028F31D796ACB00CD2942 /* UIImageView+EKExtension.m */,
				468028F51D796E2700CD2942 /* UILabel+EKExtension.h */,
				468028F61D796E2700CD2942 /* UILabel+EKExtension.m */,
				468028F81D79703A00CD2942 /* UINavigationBar+EKExtension.h */,
				468028F91D79703A00CD2942 /* UINavigationBar+EKExtension.m */,
				468028FB1D7971F400CD2942 /* UIScrollView+EKExtension.h */,
				468028FC1D7971F400CD2942 /* UIScrollView+EKExtension.m */,
				468029011D797A4800CD2942 /* UITabBar+EKExtension.h */,
				468029021D797A4800CD2942 /* UITabBar+EKExtension.m */,
				468029041D797B0100CD2942 /* UIBarButtonItem+EKExtension.h */,
				468029051D797B0100CD2942 /* UIBarButtonItem+EKExtension.m */,
				468029071D79829400CD2942 /* UITextField+EKExtension.h */,
				468029081D79829400CD2942 /* UITextField+EKExtension.m */,
				4680290A1D79898200CD2942 /* UITextView+EKExtension.h */,
				4680290B1D79898200CD2942 /* UITextView+EKExtension.m */,
				468029111D79C01800CD2942 /* EKTextObserver.h */,
				468029121D79C01800CD2942 /* EKTextObserver.m */,
				468029191D7B1FA700CD2942 /* UIViewController+EKExtension.h */,
				4680291A1D7B1FA700CD2942 /* UIViewController+EKExtension.m */,
			);
			path = Sources;
			sourceTree = "<group>";
		};
/* End PBXGroup section */

/* Begin PBXNativeTarget section */
		46DA0F8A1D77BFD9007248E5 /* ExtensionKitObjc */ = {
			isa = PBXNativeTarget;
			buildConfigurationList = 46DA0FA21D77BFD9007248E5 /* Build configuration list for PBXNativeTarget "ExtensionKitObjc" */;
			buildPhases = (
				46DA0F871D77BFD9007248E5 /* Sources */,
				46DA0F881D77BFD9007248E5 /* Frameworks */,
				46DA0F891D77BFD9007248E5 /* Resources */,
			);
			buildRules = (
			);
			dependencies = (
			);
			name = ExtensionKitObjc;
			productName = ExtensionKitObjc;
			productReference = 46DA0F8B1D77BFD9007248E5 /* ExtensionKitObjc.app */;
			productType = "com.apple.product-type.application";
		};
/* End PBXNativeTarget section */

/* Begin PBXProject section */
		46DA0F831D77BFD9007248E5 /* Project object */ = {
			isa = PBXProject;
			attributes = {
				LastUpgradeCheck = 0820;
				ORGANIZATIONNAME = "Moch Xiao";
				TargetAttributes = {
					46DA0F8A1D77BFD9007248E5 = {
						CreatedOnToolsVersion = 7.3.1;
					};
				};
			};
			buildConfigurationList = 46DA0F861D77BFD9007248E5 /* Build configuration list for PBXProject "ExtensionKitObjc" */;
			compatibilityVersion = "Xcode 3.2";
			developmentRegion = English;
			hasScannedForEncodings = 0;
			knownRegions = (
				en,
				Base,
			);
			mainGroup = 46DA0F821D77BFD9007248E5;
			productRefGroup = 46DA0F8C1D77BFD9007248E5 /* Products */;
			projectDirPath = "";
			projectRoot = "";
			targets = (
				46DA0F8A1D77BFD9007248E5 /* ExtensionKitObjc */,
			);
		};
/* End PBXProject section */

/* Begin PBXResourcesBuildPhase section */
		46DA0F891D77BFD9007248E5 /* Resources */ = {
			isa = PBXResourcesBuildPhase;
			buildActionMask = 2147483647;
			files = (
				46DA0F9B1D77BFD9007248E5 /* Assets.xcassets in Resources */,
			);
			runOnlyForDeploymentPostprocessing = 0;
		};
/* End PBXResourcesBuildPhase section */

/* Begin PBXSourcesBuildPhase section */
		46DA0F871D77BFD9007248E5 /* Sources */ = {
			isa = PBXSourcesBuildPhase;
			buildActionMask = 2147483647;
			files = (
				469ACEE61D857C6000063181 /* EKPresentAnimatedTransitioningController.m in Sources */,
				468028E91D792B9200CD2942 /* UIButton+EKExtension.m in Sources */,
				468028E01D79253E00CD2942 /* NSDictionary+EKExtension.m in Sources */,
				468028FD1D7971F400CD2942 /* UIScrollView+EKExtension.m in Sources */,
				46DA0FA81D77C024007248E5 /* UIView+EKExtension.m in Sources */,
				468028D11D782A0400CD2942 /* NSObject+EKExtension.m in Sources */,
				468028EC1D792BD600CD2942 /* NSBundle+EKExtension.m in Sources */,
				468029031D797A4800CD2942 /* UITabBar+EKExtension.m in Sources */,
				46DA0F961D77BFD9007248E5 /* ViewController.m in Sources */,
				468029091D79829400CD2942 /* UITextField+EKExtension.m in Sources */,
				468028F11D7963F800CD2942 /* UIFont+EKExtension.m in Sources */,
				4680290F1D799BD000CD2942 /* NextViewController.m in Sources */,
				468028D91D78776F00CD2942 /* NSString+EKExtension.m in Sources */,
				468028F41D796ACB00CD2942 /* UIImageView+EKExtension.m in Sources */,
				46DA0FBA1D77EBB0007248E5 /* EKCoreLibsExtension.m in Sources */,
				46DA0FBD1D781F6C007248E5 /* UIResponder+EKExtension.m in Sources */,
				468028D41D78367C00CD2942 /* UIColor+EKExtension.m in Sources */,
				4680290C1D79898200CD2942 /* UITextView+EKExtension.m in Sources */,
				468028E31D79284A00CD2942 /* NSData+EKExtension.m in Sources */,
				46DA0F931D77BFD9007248E5 /* AppDelegate.m in Sources */,
				46DA0F901D77BFD9007248E5 /* main.m in Sources */,
				4680291B1D7B1FA700CD2942 /* UIViewController+EKExtension.m in Sources */,
				468029131D79C01800CD2942 /* EKTextObserver.m in Sources */,
				468028FA1D79703A00CD2942 /* UINavigationBar+EKExtension.m in Sources */,
				46DA0FB41D77EA47007248E5 /* UIImage+EKExtension.m in Sources */,
				468028F71D796E2700CD2942 /* UILabel+EKExtension.m in Sources */,
				468028E61D79295E00CD2942 /* NSObject+EKKVOBlock.m in Sources */,
				4652B2C31E5E707E00ADEA6A /* CALayer+EKExtension.m in Sources */,
				468029001D79782700CD2942 /* EKExtensionObjcInternal.m in Sources */,
				468029061D797B0100CD2942 /* UIBarButtonItem+EKExtension.m in Sources */,
				468028DC1D787BCE00CD2942 /* NSArray+EKExtension.m in Sources */,
			);
			runOnlyForDeploymentPostprocessing = 0;
		};
/* End PBXSourcesBuildPhase section */

/* Begin XCBuildConfiguration section */
		46DA0FA01D77BFD9007248E5 /* Debug */ = {
			isa = XCBuildConfiguration;
			buildSettings = {
				ALWAYS_SEARCH_USER_PATHS = NO;
				CLANG_ANALYZER_NONNULL = YES;
				CLANG_CXX_LANGUAGE_STANDARD = "gnu++0x";
				CLANG_CXX_LIBRARY = "libc++";
				CLANG_ENABLE_MODULES = YES;
				CLANG_ENABLE_OBJC_ARC = YES;
				CLANG_WARN_BOOL_CONVERSION = YES;
				CLANG_WARN_CONSTANT_CONVERSION = YES;
				CLANG_WARN_DIRECT_OBJC_ISA_USAGE = YES_ERROR;
				CLANG_WARN_EMPTY_BODY = YES;
				CLANG_WARN_ENUM_CONVERSION = YES;
				CLANG_WARN_INFINITE_RECURSION = YES;
				CLANG_WARN_INT_CONVERSION = YES;
				CLANG_WARN_OBJC_ROOT_CLASS = YES_ERROR;
				CLANG_WARN_SUSPICIOUS_MOVE = YES;
				CLANG_WARN_UNREACHABLE_CODE = YES;
				CLANG_WARN__DUPLICATE_METHOD_MATCH = YES;
				"CODE_SIGN_IDENTITY[sdk=iphoneos*]" = "iPhone Developer";
				COPY_PHASE_STRIP = NO;
				DEBUG_INFORMATION_FORMAT = dwarf;
				ENABLE_STRICT_OBJC_MSGSEND = YES;
				ENABLE_TESTABILITY = YES;
				GCC_C_LANGUAGE_STANDARD = gnu99;
				GCC_DYNAMIC_NO_PIC = NO;
				GCC_NO_COMMON_BLOCKS = YES;
				GCC_OPTIMIZATION_LEVEL = 0;
				GCC_PREPROCESSOR_DEFINITIONS = (
					"DEBUG=1",
					"$(inherited)",
				);
				GCC_WARN_64_TO_32_BIT_CONVERSION = YES;
				GCC_WARN_ABOUT_RETURN_TYPE = YES_ERROR;
				GCC_WARN_UNDECLARED_SELECTOR = YES;
				GCC_WARN_UNINITIALIZED_AUTOS = YES_AGGRESSIVE;
				GCC_WARN_UNUSED_FUNCTION = YES;
				GCC_WARN_UNUSED_VARIABLE = YES;
				IPHONEOS_DEPLOYMENT_TARGET = 9.3;
				MTL_ENABLE_DEBUG_INFO = YES;
				ONLY_ACTIVE_ARCH = YES;
				SDKROOT = iphoneos;
				TARGETED_DEVICE_FAMILY = "1,2";
			};
			name = Debug;
		};
		46DA0FA11D77BFD9007248E5 /* Release */ = {
			isa = XCBuildConfiguration;
			buildSettings = {
				ALWAYS_SEARCH_USER_PATHS = NO;
				CLANG_ANALYZER_NONNULL = YES;
				CLANG_CXX_LANGUAGE_STANDARD = "gnu++0x";
				CLANG_CXX_LIBRARY = "libc++";
				CLANG_ENABLE_MODULES = YES;
				CLANG_ENABLE_OBJC_ARC = YES;
				CLANG_WARN_BOOL_CONVERSION = YES;
				CLANG_WARN_CONSTANT_CONVERSION = YES;
				CLANG_WARN_DIRECT_OBJC_ISA_USAGE = YES_ERROR;
				CLANG_WARN_EMPTY_BODY = YES;
				CLANG_WARN_ENUM_CONVERSION = YES;
				CLANG_WARN_INFINITE_RECURSION = YES;
				CLANG_WARN_INT_CONVERSION = YES;
				CLANG_WARN_OBJC_ROOT_CLASS = YES_ERROR;
				CLANG_WARN_SUSPICIOUS_MOVE = YES;
				CLANG_WARN_UNREACHABLE_CODE = YES;
				CLANG_WARN__DUPLICATE_METHOD_MATCH = YES;
				"CODE_SIGN_IDENTITY[sdk=iphoneos*]" = "iPhone Developer";
				COPY_PHASE_STRIP = NO;
				DEBUG_INFORMATION_FORMAT = "dwarf-with-dsym";
				ENABLE_NS_ASSERTIONS = NO;
				ENABLE_STRICT_OBJC_MSGSEND = YES;
				GCC_C_LANGUAGE_STANDARD = gnu99;
				GCC_NO_COMMON_BLOCKS = YES;
				GCC_WARN_64_TO_32_BIT_CONVERSION = YES;
				GCC_WARN_ABOUT_RETURN_TYPE = YES_ERROR;
				GCC_WARN_UNDECLARED_SELECTOR = YES;
				GCC_WARN_UNINITIALIZED_AUTOS = YES_AGGRESSIVE;
				GCC_WARN_UNUSED_FUNCTION = YES;
				GCC_WARN_UNUSED_VARIABLE = YES;
				IPHONEOS_DEPLOYMENT_TARGET = 9.3;
				MTL_ENABLE_DEBUG_INFO = NO;
				SDKROOT = iphoneos;
				TARGETED_DEVICE_FAMILY = "1,2";
				VALIDATE_PRODUCT = YES;
			};
			name = Release;
		};
		46DA0FA31D77BFD9007248E5 /* Debug */ = {
			isa = XCBuildConfiguration;
			buildSettings = {
				ASSETCATALOG_COMPILER_APPICON_NAME = AppIcon;
				ASSETCATALOG_COMPILER_LAUNCHIMAGE_NAME = LaunchImage;
				INFOPLIST_FILE = ExtensionKitObjc/Info.plist;
				LD_RUNPATH_SEARCH_PATHS = "$(inherited) @executable_path/Frameworks";
				PRODUCT_BUNDLE_IDENTIFIER = com.mochxiao.ExtensionKitObjc;
				PRODUCT_NAME = "$(TARGET_NAME)";
			};
			name = Debug;
		};
		46DA0FA41D77BFD9007248E5 /* Release */ = {
			isa = XCBuildConfiguration;
			buildSettings = {
				ASSETCATALOG_COMPILER_APPICON_NAME = AppIcon;
				ASSETCATALOG_COMPILER_LAUNCHIMAGE_NAME = LaunchImage;
				INFOPLIST_FILE = ExtensionKitObjc/Info.plist;
				LD_RUNPATH_SEARCH_PATHS = "$(inherited) @executable_path/Frameworks";
				PRODUCT_BUNDLE_IDENTIFIER = com.mochxiao.ExtensionKitObjc;
				PRODUCT_NAME = "$(TARGET_NAME)";
			};
			name = Release;
		};
/* End XCBuildConfiguration section */

/* Begin XCConfigurationList section */
		46DA0F861D77BFD9007248E5 /* Build configuration list for PBXProject "ExtensionKitObjc" */ = {
			isa = XCConfigurationList;
			buildConfigurations = (
				46DA0FA01D77BFD9007248E5 /* Debug */,
				46DA0FA11D77BFD9007248E5 /* Release */,
			);
			defaultConfigurationIsVisible = 0;
			defaultConfigurationName = Release;
		};
		46DA0FA21D77BFD9007248E5 /* Build configuration list for PBXNativeTarget "ExtensionKitObjc" */ = {
			isa = XCConfigurationList;
			buildConfigurations = (
				46DA0FA31D77BFD9007248E5 /* Debug */,
				46DA0FA41D77BFD9007248E5 /* Release */,
			);
			defaultConfigurationIsVisible = 0;
			defaultConfigurationName = Release;
		};
/* End XCConfigurationList section */
	};
	rootObject = 46DA0F831D77BFD9007248E5 /* Project object */;
}
